{
  "name": "@drupal/force_crystal",
  "version": "__VERSION__",
  "lockfileVersion": 2,
  "requires": true,
  "packages": {
    "": {
      "name": "@drupal/force_crystal",
      "version": "__VERSION__",
      "license": "GPL-2.0-or-later",
      "dependencies": {
        "is-positive": "__VERSION__"
      },
      "engines": {
        "node": "__VERSION__",
        "npm": "__VERSION__"
      }
    },
    "node_modules/is-positive": {
      "version": "__VERSION__",
      "resolved": "https://registry.npmjs.org/is-positive/-/is-positive-__VERSION__.tgz",
      "integrity": "__INTEGRITY__",
      "engines": {
        "node": "__VERSION__"
      }
    }
  },
  "dependencies": {
    "is-positive": {
      "version": "__VERSION__",
      "resolved": "https://registry.npmjs.org/is-positive/-/is-positive-__VERSION__.tgz",
      "integrity": "__INTEGRITY__"
    }
  }
}
